
Microsoft Visual Studio Solution File, Format Version 12.00
# Visual Studio 14
VisualStudioVersion = 14.0.25420.1
MinimumVisualStudioVersion = 10.0.40219.1
Project("{FAE04EC0-301F-11D3-BF4B-00C04F79EFBC}") = "InariFox.TalkLib", "InariFox.TalkLib\InariFox.TalkLib.csproj", "{C7F27D76-D636-43C8-B662-D16B8DDE62CA}"
EndProject
Project("{FAE04EC0-301F-11D3-BF4B-00C04F79EFBC}") = "InariFox.TalkLibTester", "InariFox.TalkLibTester\InariFox.TalkLibTester.csproj", "{C41EE724-83C4-43B0-8B09-27B08D472776}"
EndProject
Project("{FAE04EC0-301F-11D3-BF4B-00C04F79EFBC}") = "InariFox.OudParser", "InariFox.OudParser\InariFox.OudParser.csproj", "{50814F5D-84AD-46BB-84C1-320F4E789172}"
EndProject
Project("{FAE04EC0-301F-11D3-BF4B-00C04F79EFBC}") = "A-TrAInS", "A-TrAInS\A-TrAInS.csproj", "{032B1BE9-09CC-4654-841D-69085E28F524}"
EndProject
Project("{FAE04EC0-301F-11D3-BF4B-00C04F79EFBC}") = "InariFox.TdmlLib", "InariFox.TdmlLib\InariFox.TdmlLib.csproj", "{011314FF-C102-407E-A7BF-0CC0D4023BCE}"
EndProject
Global
	GlobalSection(SolutionConfigurationPlatforms) = preSolution
		Debug|Any CPU = Debug|Any CPU
		Release|Any CPU = Release|Any CPU
	EndGlobalSection
	GlobalSection(ProjectConfigurationPlatforms) = postSolution
		{C7F27D76-D636-43C8-B662-D16B8DDE62CA}.Debug|Any CPU.ActiveCfg = Debug|Any CPU
		{C7F27D76-D636-43C8-B662-D16B8DDE62CA}.Debug|Any CPU.Build.0 = Debug|Any CPU
		{C7F27D76-D636-43C8-B662-D16B8DDE62CA}.Release|Any CPU.ActiveCfg = Release|Any CPU
		{C7F27D76-D636-43C8-B662-D16B8DDE62CA}.Release|Any CPU.Build.0 = Release|Any CPU
		{C41EE724-83C4-43B0-8B09-27B08D472776}.Debug|Any CPU.ActiveCfg = Debug|Any CPU
		{C41EE724-83C4-43B0-8B09-27B08D472776}.Debug|Any CPU.Build.0 = Debug|Any CPU
		{C41EE724-83C4-43B0-8B09-27B08D472776}.Release|Any CPU.ActiveCfg = Release|Any CPU
		{C41EE724-83C4-43B0-8B09-27B08D472776}.Release|Any CPU.Build.0 = Release|Any CPU
		{50814F5D-84AD-46BB-84C1-320F4E789172}.Debug|Any CPU.ActiveCfg = Debug|Any CPU
		{50814F5D-84AD-46BB-84C1-320F4E789172}.Debug|Any CPU.Build.0 = Debug|Any CPU
		{50814F5D-84AD-46BB-84C1-320F4E789172}.Release|Any CPU.ActiveCfg = Release|Any CPU
		{50814F5D-84AD-46BB-84C1-320F4E789172}.Release|Any CPU.Build.0 = Release|Any CPU
		{032B1BE9-09CC-4654-841D-69085E28F524}.Debug|Any CPU.ActiveCfg = Debug|Any CPU
		{032B1BE9-09CC-4654-841D-69085E28F524}.Debug|Any CPU.Build.0 = Debug|Any CPU
		{032B1BE9-09CC-4654-841D-69085E28F524}.Release|Any CPU.ActiveCfg = Release|Any CPU
		{032B1BE9-09CC-4654-841D-69085E28F524}.Release|Any CPU.Build.0 = Release|Any CPU
		{011314FF-C102-407E-A7BF-0CC0D4023BCE}.Debug|Any CPU.ActiveCfg = Debug|Any CPU
		{011314FF-C102-407E-A7BF-0CC0D4023BCE}.Debug|Any CPU.Build.0 = Debug|Any CPU
		{011314FF-C102-407E-A7BF-0CC0D4023BCE}.Release|Any CPU.ActiveCfg = Release|Any CPU
		{011314FF-C102-407E-A7BF-0CC0D4023BCE}.Release|Any CPU.Build.0 = Release|Any CPU
	EndGlobalSection
	GlobalSection(SolutionProperties) = preSolution
		HideSolutionNode = FALSE
	EndGlobalSection
EndGlobal
